// !$*UTF8*$!
{
	archiveVersion = 1;
	classes = {
	};
	objectVersion = 55;
	objects = {

/* Begin PBXBuildFile section */
		B7B9834627157EA900F29929 /* AppDelegate.swift in Sources */ = {isa = PBXBuildFile; fileRef = B7B9834527157EA900F29929 /* AppDelegate.swift */; };
		B7B9834827157EA900F29929 /* SceneDelegate.swift in Sources */ = {isa = PBXBuildFile; fileRef = B7B9834727157EA900F29929 /* SceneDelegate.swift */; };
		B7B9834A27157EA900F29929 /* ViewController.swift in Sources */ = {isa = PBXBuildFile; fileRef = B7B9834927157EA900F29929 /* ViewController.swift */; };
		B7B9834D27157EA900F29929 /* Main.storyboard in Resources */ = {isa = PBXBuildFile; fileRef = B7B9834B27157EA900F29929 /* Main.storyboard */; };
		B7B9834F27157EAA00F29929 /* Assets.xcassets in Resources */ = {isa = PBXBuildFile; fileRef = B7B9834E27157EAA00F29929 /* Assets.xcassets */; };
		B7B9835227157EAA00F29929 /* LaunchScreen.storyboard in Resources */ = {isa = PBXBuildFile; fileRef = B7B9835027157EAA00F29929 /* LaunchScreen.storyboard */; };
		B7B9835B2715819300F29929 /* GuessHandler.swift in Sources */ = {isa = PBXBuildFile; fileRef = B7B9835A2715819300F29929 /* GuessHandler.swift */; };
		B7DA26E7271663F4002E1950 /* GuessGameProtocol.swift in Sources */ = {isa = PBXBuildFile; fileRef = B7DA26E6271663F4002E1950 /* GuessGameProtocol.swift */; };
/* End PBXBuildFile section */

/* Begin PBXFileReference section */
		B7B9834227157EA900F29929 /* GuessGame.app */ = {isa = PBXFileReference; explicitFileType = wrapper.application; includeInIndex = 0; path = GuessGame.app; sourceTree = BUILT_PRODUCTS_DIR; };
		B7B9834527157EA900F29929 /* AppDelegate.swift */ = {isa = PBXFileReference; lastKnownFileType = sourcecode.swift; path = AppDelegate.swift; sourceTree = "<group>"; };
		B7B9834727157EA900F29929 /* SceneDelegate.swift */ = {isa = PBXFileReference; lastKnownFileType = sourcecode.swift; path = SceneDelegate.swift; sourceTree = "<group>"; };
		B7B9834927157EA900F29929 /* ViewController.swift */ = {isa = PBXFileReference; lastKnownFileType = sourcecode.swift; path = ViewController.swift; sourceTree = "<group>"; };
		B7B9834C27157EA900F29929 /* Base */ = {isa = PBXFileReference; lastKnownFileType = file.storyboard; name = Base; path = Base.lproj/Main.storyboard; sourceTree = "<group>"; };
		B7B9834E27157EAA00F29929 /* Assets.xcassets */ = {isa = PBXFileReference; lastKnownFileType = folder.assetcatalog; path = Assets.xcassets; sourceTree = "<group>"; };
		B7B9835127157EAA00F29929 /* Base */ = {isa = PBXFileReference; lastKnownFileType = file.storyboard; name = Base; path = Base.lproj/LaunchScreen.storyboard; sourceTree = "<group>"; };
		B7B9835327157EAA00F29929 /* Info.plist */ = {isa = PBXFileReference; lastKnownFileType = text.plist.xml; path = Info.plist; sourceTree = "<group>"; };
		B7B9835A2715819300F29929 /* GuessHandler.swift */ = {isa = PBXFileReference; lastKnownFileType = sourcecode.swift; path = GuessHandler.swift; sourceTree = "<group>"; };
		B7DA26E6271663F4002E1950 /* GuessGameProtocol.swift */ = {isa = PBXFileReference; lastKnownFileType = sourcecode.swift; path = GuessGameProtocol.swift; sourceTree = "<group>"; };
/* End PBXFileReference section */

/* Begin PBXFrameworksBuildPhase section */
		B7B9833F27157EA900F29929 /* Frameworks */ = {
			isa = PBXFrameworksBuildPhase;
			buildActionMask = 2147483647;
			files = (
			);
			runOnlyForDeploymentPostprocessing = 0;
		};
/* End PBXFrameworksBuildPhase section */

/* Begin PBXGroup section */
		B7B9833927157EA900F29929 = {
			isa = PBXGroup;
			children = (
				B7B9834427157EA900F29929 /* GuessGame */,
				B7B9834327157EA900F29929 /* Products */,
			);
			sourceTree = "<group>";
		};
		B7B9834327157EA900F29929 /* Products */ = {
			isa = PBXGroup;
			children = (
				B7B9834227157EA900F29929 /* GuessGame.app */,
			);
			name = Products;
			sourceTree = "<group>";
		};
		B7B9834427157EA900F29929 /* GuessGame */ = {
			isa = PBXGroup;
			children = (
				B7B983592715816C00F29929 /* Modal */,
				B7B9834527157EA900F29929 /* AppDelegate.swift */,
				B7B9834727157EA900F29929 /* SceneDelegate.swift */,
				B7B9834927157EA900F29929 /* ViewController.swift */,
				B7B9834B27157EA900F29929 /* Main.storyboard */,
				B7B9834E27157EAA00F29929 /* Assets.xcassets */,
				B7B9835027157EAA00F29929 /* LaunchScreen.storyboard */,
				B7B9835327157EAA00F29929 /* Info.plist */,
			);
			path = GuessGame;
			sourceTree = "<group>";
		};
		B7B983592715816C00F29929 /* Modal */ = {
			isa = PBXGroup;
			children = (
				B7B9835A2715819300F29929 /* GuessHandler.swift */,
				B7DA26E6271663F4002E1950 /* GuessGameProtocol.swift */,
			);
			path = Modal;
			sourceTree = "<group>";
		};
/* End PBXGroup section */

/* Begin PBXNativeTarget section */
		B7B9834127157EA900F29929 /* GuessGame */ = {
			isa = PBXNativeTarget;
			buildConfigurationList = B7B9835627157EAA00F29929 /* Build configuration list for PBXNativeTarget "GuessGame" */;
			buildPhases = (
				B7B9833E27157EA900F29929 /* Sources */,
				B7B9833F27157EA900F29929 /* Frameworks */,
				B7B9834027157EA900F29929 /* Resources */,
			);
			buildRules = (
			);
			dependencies = (
			);
			name = GuessGame;
			productName = GuessGame;
			productReference = B7B9834227157EA900F29929 /* GuessGame.app */;
			productType = "com.apple.product-type.application";
		};
/* End PBXNativeTarget section */

/* Begin PBXProject section */
		B7B9833A27157EA900F29929 /* Project object */ = {
			isa = PBXProject;
			attributes = {
				BuildIndependentTargetsInParallel = 1;
				LastSwiftUpdateCheck = 1300;
				LastUpgradeCheck = 1300;
				TargetAttributes = {
					B7B9834127157EA900F29929 = {
						CreatedOnToolsVersion = 13.0;
					};
				};
			};
			buildConfigurationList = B7B9833D27157EA900F29929 /* Build configuration list for PBXProject "GuessGame" */;
			compatibilityVersion = "Xcode 13.0";
			developmentRegion = en;
			hasScannedForEncodings = 0;
			knownRegions = (
				en,
				Base,
			);
			mainGroup = B7B9833927157EA900F29929;
			productRefGroup = B7B9834327157EA900F29929 /* Products */;
			projectDirPath = "";
			projectRoot = "";
			targets = (
				B7B9834127157EA900F29929 /* GuessGame */,
			);
		};
/* End PBXProject section */

/* Begin PBXResourcesBuildPhase section */
		B7B9834027157EA900F29929 /* Resources */ = {
			isa = PBXResourcesBuildPhase;
			buildActionMask = 2147483647;
			files = (
				B7B9835227157EAA00F29929 /* LaunchScreen.storyboard in Resources */,
				B7B9834F27157EAA00F29929 /* Assets.xcassets in Resources */,
				B7B9834D27157EA900F29929 /* Main.storyboard in Resources */,
			);
			runOnlyForDeploymentPostprocessing = 0;
		};
/* End PBXResourcesBuildPhase section */

/* Begin PBXSourcesBuildPhase section */
		B7B9833E27157EA900F29929 /* Sources */ = {
			isa = PBXSourcesBuildPhase;
			buildActionMask = 2147483647;
			files = (
				B7B9834A27157EA900F29929 /* ViewController.swift in Sources */,
				B7DA26E7271663F4002E1950 /* GuessGameProtocol.swift in Sources */,
				B7B9834627157EA900F29929 /* AppDelegate.swift in Sources */,
				B7B9835B2715819300F29929 /* GuessHandler.swift in Sources */,
				B7B9834827157EA900F29929 /* SceneDelegate.swift in Sources */,
			);
			runOnlyForDeploymentPostprocessing = 0;
		};
/* End PBXSourcesBuildPhase section */

/* Begin PBXVariantGroup section */
		B7B9834B27157EA900F29929 /* Main.storyboard */ = {
			isa = PBXVariantGroup;
			children = (
				B7B9834C27157EA900F29929 /* Base */,
			);
			name = Main.storyboard;
			sourceTree = "<group>";
		};
		B7B9835027157EAA00F29929 /* LaunchScreen.storyboard */ = {
			isa = PBXVariantGroup;
			children = (
				B7B9835127157EAA00F29929 /* Base */,
			);
			name = LaunchScreen.storyboard;
			sourceTree = "<group>";
		};
/* End PBXVariantGroup section */

/* Begin XCBuildConfiguration section */
		B7B9835427157EAA00F29929 /* Debug */ = {
			isa = XCBuildConfiguration;
			buildSettings = {
				ALWAYS_SEARCH_USER_PATHS = NO;
				CLANG_ANALYZER_NONNULL = YES;
				CLANG_ANALYZER_NUMBER_OBJECT_CONVERSION = YES_AGGRESSIVE;
				CLANG_CXX_LANGUAGE_STANDARD = "gnu++17";
				CLANG_CXX_LIBRARY = "libc++";
				CLANG_ENABLE_MODULES = YES;
				CLANG_ENABLE_OBJC_ARC = YES;
				CLANG_ENABLE_OBJC_WEAK = YES;
				CLANG_WARN_BLOCK_CAPTURE_AUTORELEASING = YES;
				CLANG_WARN_BOOL_CONVERSION = YES;
				CLANG_WARN_COMMA = YES;
				CLANG_WARN_CONSTANT_CONVERSION = YES;
				CLANG_WARN_DEPRECATED_OBJC_IMPLEMENTATIONS = YES;
				CLANG_WARN_DIRECT_OBJC_ISA_USAGE = YES_ERROR;
				CLANG_WARN_DOCUMENTATION_COMMENTS = YES;
				CLANG_WARN_EMPTY_BODY = YES;
				CLANG_WARN_ENUM_CONVERSION = YES;
				CLANG_WARN_INFINITE_RECURSION = YES;
				CLANG_WARN_INT_CONVERSION = YES;
				CLANG_WARN_NON_LITERAL_NULL_CONVERSION = YES;
				CLANG_WARN_OBJC_IMPLICIT_RETAIN_SELF = YES;
				CLANG_WARN_OBJC_LITERAL_CONVERSION = YES;
				CLANG_WARN_OBJC_ROOT_CLASS = YES_ERROR;
				CLANG_WARN_QUOTED_INCLUDE_IN_FRAMEWORK_HEADER = YES;
				CLANG_WARN_RANGE_LOOP_ANALYSIS = YES;
				CLANG_WARN_STRICT_PROTOTYPES = YES;
				CLANG_WARN_SUSPICIOUS_MOVE = YES;
				CLANG_WARN_UNGUARDED_AVAILABILITY = YES_AGGRESSIVE;
				CLANG_WARN_UNREACHABLE_CODE = YES;
				CLANG_WARN__DUPLICATE_METHOD_MATCH = YES;
				COPY_PHASE_STRIP = NO;
				DEBUG_INFORMATION_FORMAT = dwarf;
				ENABLE_STRICT_OBJC_MSGSEND = YES;
				ENABLE_TESTABILITY = YES;
				GCC_C_LANGUAGE_STANDARD = gnu11;
				GCC_DYNAMIC_NO_PIC = NO;
				GCC_NO_COMMON_BLOCKS = YES;
				GCC_OPTIMIZATION_LEVEL = 0;
				GCC_PREPROCESSOR_DEFINITIONS = (
					"DEBUG=1",
					"$(inherited)",
				);
				GCC_WARN_64_TO_32_BIT_CONVERSION = YES;
				GCC_WARN_ABOUT_RETURN_TYPE = YES_ERROR;
				GCC_WARN_UNDECLARED_SELECTOR = YES;
				GCC_WARN_UNINITIALIZED_AUTOS = YES_AGGRESSIVE;
				GCC_WARN_UNUSED_FUNCTION = YES;
				GCC_WARN_UNUSED_VARIABLE = YES;
				IPHONEOS_DEPLOYMENT_TARGET = 15.0;
				MTL_ENABLE_DEBUG_INFO = INCLUDE_SOURCE;
				MTL_FAST_MATH = YES;
				ONLY_ACTIVE_ARCH = YES;
				SDKROOT = iphoneos;
				SWIFT_ACTIVE_COMPILATION_CONDITIONS = DEBUG;
				SWIFT_OPTIMIZATION_LEVEL = "-Onone";
			};
			name = Debug;
		};
		B7B9835527157EAA00F29929 /* Release */ = {
			isa = XCBuildConfiguration;
			buildSettings = {
				ALWAYS_SEARCH_USER_PATHS = NO;
				CLANG_ANALYZER_NONNULL = YES;
				CLANG_ANALYZER_NUMBER_OBJECT_CONVERSION = YES_AGGRESSIVE;
				CLANG_CXX_LANGUAGE_STANDARD = "gnu++17";
				CLANG_CXX_LIBRARY = "libc++";
				CLANG_ENABLE_MODULES = YES;
				CLANG_ENABLE_OBJC_ARC = YES;
				CLANG_ENABLE_OBJC_WEAK = YES;
				CLANG_WARN_BLOCK_CAPTURE_AUTORELEASING = YES;
				CLANG_WARN_BOOL_CONVERSION = YES;
				CLANG_WARN_COMMA = YES;
				CLANG_WARN_CONSTANT_CONVERSION = YES;
				CLANG_WARN_DEPRECATED_OBJC_IMPLEMENTATIONS = YES;
				CLANG_WARN_DIRECT_OBJC_ISA_USAGE = YES_ERROR;
				CLANG_WARN_DOCUMENTATION_COMMENTS = YES;
				CLANG_WARN_EMPTY_BODY = YES;
				CLANG_WARN_ENUM_CONVERSION = YES;
				CLANG_WARN_INFINITE_RECURSION = YES;
				CLANG_WARN_INT_CONVERSION = YES;
				CLANG_WARN_NON_LITERAL_NULL_CONVERSION = YES;
				CLANG_WARN_OBJC_IMPLICIT_RETAIN_SELF = YES;
				CLANG_WARN_OBJC_LITERAL_CONVERSION = YES;
				CLANG_WARN_OBJC_ROOT_CLASS = YES_ERROR;
				CLANG_WARN_QUOTED_INCLUDE_IN_FRAMEWORK_HEADER = YES;
				CLANG_WARN_RANGE_LOOP_ANALYSIS = YES;
				CLANG_WARN_STRICT_PROTOTYPES = YES;
				CLANG_WARN_SUSPICIOUS_MOVE = YES;
				CLANG_WARN_UNGUARDED_AVAILABILITY = YES_AGGRESSIVE;
				CLANG_WARN_UNREACHABLE_CODE = YES;
				CLANG_WARN__DUPLICATE_METHOD_MATCH = YES;
				COPY_PHASE_STRIP = NO;
				DEBUG_INFORMATION_FORMAT = "dwarf-with-dsym";
				ENABLE_NS_ASSERTIONS = NO;
				ENABLE_STRICT_OBJC_MSGSEND = YES;
				GCC_C_LANGUAGE_STANDARD = gnu11;
				GCC_NO_COMMON_BLOCKS = YES;
				GCC_WARN_64_TO_32_BIT_CONVERSION = YES;
				GCC_WARN_ABOUT_RETURN_TYPE = YES_ERROR;
				GCC_WARN_UNDECLARED_SELECTOR = YES;
				GCC_WARN_UNINITIALIZED_AUTOS = YES_AGGRESSIVE;
				GCC_WARN_UNUSED_FUNCTION = YES;
				GCC_WARN_UNUSED_VARIABLE = YES;
				IPHONEOS_DEPLOYMENT_TARGET = 15.0;
				MTL_ENABLE_DEBUG_INFO = NO;
				MTL_FAST_MATH = YES;
				SDKROOT = iphoneos;
				SWIFT_COMPILATION_MODE = wholemodule;
				SWIFT_OPTIMIZATION_LEVEL = "-O";
				VALIDATE_PRODUCT = YES;
			};
			name = Release;
		};
		B7B9835727157EAA00F29929 /* Debug */ = {
			isa = XCBuildConfiguration;
			buildSettings = {
				ASSETCATALOG_COMPILER_APPICON_NAME = AppIcon;
				ASSETCATALOG_COMPILER_GLOBAL_ACCENT_COLOR_NAME = AccentColor;
				CODE_SIGN_STYLE = Automatic;
				CURRENT_PROJECT_VERSION = 1;
				GENERATE_INFOPLIST_FILE = YES;
				INFOPLIST_FILE = GuessGame/Info.plist;
				INFOPLIST_KEY_UIApplicationSupportsIndirectInputEvents = YES;
				INFOPLIST_KEY_UILaunchStoryboardName = LaunchScreen;
				INFOPLIST_KEY_UIMainStoryboardFile = Main;
				INFOPLIST_KEY_UISupportedInterfaceOrientations_iPad = "UIInterfaceOrientationPortrait UIInterfaceOrientationPortraitUpsideDown UIInterfaceOrientationLandscapeLeft UIInterfaceOrientationLandscapeRight";
				INFOPLIST_KEY_UISupportedInterfaceOrientations_iPhone = "UIInterfaceOrientationPortrait UIInterfaceOrientationLandscapeLeft UIInterfaceOrientationLandscapeRight";
				LD_RUNPATH_SEARCH_PATHS = (
					"$(inherited)",
					"@executable_path/Frameworks",
				);
				MARKETING_VERSION = 1.0;
				PRODUCT_BUNDLE_IDENTIFIER = com.iMobileCode.GuessGame;
				PRODUCT_NAME = "$(TARGET_NAME)";
				SWIFT_EMIT_LOC_STRINGS = YES;
				SWIFT_VERSION = 5.0;
				TARGETED_DEVICE_FAMILY = "1,2";
			};
			name = Debug;
		};
		B7B9835827157EAA00F29929 /* Release */ = {
			isa = XCBuildConfiguration;
			buildSettings = {
				ASSETCATALOG_COMPILER_APPICON_NAME = AppIcon;
				ASSETCATALOG_COMPILER_GLOBAL_ACCENT_COLOR_NAME = AccentColor;
				CODE_SIGN_STYLE = Automatic;
				CURRENT_PROJECT_VERSION = 1;
				GENERATE_INFOPLIST_FILE = YES;
				INFOPLIST_FILE = GuessGame/Info.plist;
				INFOPLIST_KEY_UIApplicationSupportsIndirectInputEvents = YES;
				INFOPLIST_KEY_UILaunchStoryboardName = LaunchScreen;
				INFOPLIST_KEY_UIMainStoryboardFile = Main;
				INFOPLIST_KEY_UISupportedInterfaceOrientations_iPad = "UIInterfaceOrientationPortrait UIInterfaceOrientationPortraitUpsideDown UIInterfaceOrientationLandscapeLeft UIInterfaceOrientationLandscapeRight";
				INFOPLIST_KEY_UISupportedInterfaceOrientations_iPhone = "UIInterfaceOrientationPortrait UIInterfaceOrientationLandscapeLeft UIInterfaceOrientationLandscapeRight";
				LD_RUNPATH_SEARCH_PATHS = (
					"$(inherited)",
					"@executable_path/Frameworks",
				);
				MARKETING_VERSION = 1.0;
				PRODUCT_BUNDLE_IDENTIFIER = com.iMobileCode.GuessGame;
				PRODUCT_NAME = "$(TARGET_NAME)";
				SWIFT_EMIT_LOC_STRINGS = YES;
				SWIFT_VERSION = 5.0;
				TARGETED_DEVICE_FAMILY = "1,2";
			};
			name = Release;
		};
/* End XCBuildConfiguration section */

/* Begin XCConfigurationList section */
		B7B9833D27157EA900F29929 /* Build configuration list for PBXProject "GuessGame" */ = {
			isa = XCConfigurationList;
			buildConfigurations = (
				B7B9835427157EAA00F29929 /* Debug */,
				B7B9835527157EAA00F29929 /* Release */,
			);
			defaultConfigurationIsVisible = 0;
			defaultConfigurationName = Release;
		};
		B7B9835627157EAA00F29929 /* Build configuration list for PBXNativeTarget "GuessGame" */ = {
			isa = XCConfigurationList;
			buildConfigurations = (
				B7B9835727157EAA00F29929 /* Debug */,
				B7B9835827157EAA00F29929 /* Release */,
			);
			defaultConfigurationIsVisible = 0;
			defaultConfigurationName = Release;
		};
/* End XCConfigurationList section */
	};
	rootObject = B7B9833A27157EA900F29929 /* Project object */;
}
